
Microsoft Visual Studio Solution File, Format Version 12.00
# Visual Studio Version 17
VisualStudioVersion = 17.5.002.0
MinimumVisualStudioVersion = 10.0.40219.1
Project("{9A19103F-16F7-4668-BE54-9A1E7A4F7556}") = "YASEM", "YASEM.csproj", "{923894D8-CE22-486E-8DCC-90B40333BBEE}"
EndProject
Global
	GlobalSection(SolutionConfigurationPlatforms) = preSolution
		Debug|Any CPU = Debug|Any CPU
		Release|Any CPU = Release|Any CPU
	EndGlobalSection
	GlobalSection(ProjectConfigurationPlatforms) = postSolution
		{923894D8-CE22-486E-8DCC-90B40333BBEE}.Debug|Any CPU.ActiveCfg = Debug|Any CPU
		{923894D8-CE22-486E-8DCC-90B40333BBEE}.Debug|Any CPU.Build.0 = Debug|Any CPU
		{923894D8-CE22-486E-8DCC-90B40333BBEE}.Release|Any CPU.ActiveCfg = Release|Any CPU
		{923894D8-CE22-486E-8DCC-90B40333BBEE}.Release|Any CPU.Build.0 = Release|Any CPU
	EndGlobalSection
	GlobalSection(SolutionProperties) = preSolution
		HideSolutionNode = FALSE
	EndGlobalSection
	GlobalSection(ExtensibilityGlobals) = postSolution
		SolutionGuid = {F9A7D265-C220-4A31-8B18-DDAD7FCDFD3E}
	EndGlobalSection
EndGlobal
