
Microsoft Visual Studio Solution File, Format Version 12.00
# Visual Studio Version 17
VisualStudioVersion = 17.0.31903.59
MinimumVisualStudioVersion = 10.0.40219.1
Project("{FAE04EC0-301F-11D3-BF4B-00C04F79EFBC}") = "YASEM", "YASEM.csproj", "{26C52E21-841F-483D-BDCC-0417D1BC5E84}"
EndProject
Project("{2150E333-8FDC-42A3-9474-1A3956D46DE8}") = "tests", "tests", "{3CEC6816-ACDF-41CA-936A-FBF2DE52B73A}"
EndProject
Project("{FAE04EC0-301F-11D3-BF4B-00C04F79EFBC}") = "YASEM.Tests", "tests\YASEM.Tests\YASEM.Tests.csproj", "{D565F6A6-3B68-40B0-B4B9-B92EF359E439}"
EndProject
Global
	GlobalSection(SolutionConfigurationPlatforms) = preSolution
		Debug|Any CPU = Debug|Any CPU
		Release|Any CPU = Release|Any CPU
	EndGlobalSection
	GlobalSection(SolutionProperties) = preSolution
		HideSolutionNode = FALSE
	EndGlobalSection
	GlobalSection(ProjectConfigurationPlatforms) = postSolution
		{26C52E21-841F-483D-BDCC-0417D1BC5E84}.Debug|Any CPU.ActiveCfg = Debug|Any CPU
		{26C52E21-841F-483D-BDCC-0417D1BC5E84}.Debug|Any CPU.Build.0 = Debug|Any CPU
		{26C52E21-841F-483D-BDCC-0417D1BC5E84}.Release|Any CPU.ActiveCfg = Release|Any CPU
		{26C52E21-841F-483D-BDCC-0417D1BC5E84}.Release|Any CPU.Build.0 = Release|Any CPU
		{D565F6A6-3B68-40B0-B4B9-B92EF359E439}.Debug|Any CPU.ActiveCfg = Debug|Any CPU
		{D565F6A6-3B68-40B0-B4B9-B92EF359E439}.Debug|Any CPU.Build.0 = Debug|Any CPU
		{D565F6A6-3B68-40B0-B4B9-B92EF359E439}.Release|Any CPU.ActiveCfg = Release|Any CPU
		{D565F6A6-3B68-40B0-B4B9-B92EF359E439}.Release|Any CPU.Build.0 = Release|Any CPU
	EndGlobalSection
	GlobalSection(NestedProjects) = preSolution
		{D565F6A6-3B68-40B0-B4B9-B92EF359E439} = {3CEC6816-ACDF-41CA-936A-FBF2DE52B73A}
	EndGlobalSection
EndGlobal
