
Microsoft Visual Studio Solution File, Format Version 12.00
# Visual Studio Version 17
VisualStudioVersion = 17.0.31903.59
MinimumVisualStudioVersion = 10.0.40219.1
Project("{2150E333-8FDC-42A3-9474-1A3956D46DE8}") = "src", "src", "{2F4B3574-C4AF-4B04-ACCE-3FDFD8256C6D}"
EndProject
Project("{FAE04EC0-301F-11D3-BF4B-00C04F79EFBC}") = "YASEM.Core", "src\YASEM.Core\YASEM.Core.csproj", "{EBE4DD70-26F4-46F7-9D24-17E360652902}"
EndProject
Project("{FAE04EC0-301F-11D3-BF4B-00C04F79EFBC}") = "YASEM.CLI", "src\YASEM.CLI\YASEM.CLI.csproj", "{68F538C3-0F98-4F35-96EF-7F39CEEA46FC}"
EndProject
Project("{2150E333-8FDC-42A3-9474-1A3956D46DE8}") = "tests", "tests", "{E9A044EA-4A2E-492A-AF89-D50181148E2C}"
EndProject
Project("{FAE04EC0-301F-11D3-BF4B-00C04F79EFBC}") = "YASEM.CLI.Tests", "tests\YASEM.CLI.Tests\YASEM.CLI.Tests.csproj", "{56D2564F-0C14-493C-8ED2-28F61C863465}"
EndProject
Project("{FAE04EC0-301F-11D3-BF4B-00C04F79EFBC}") = "YASEM.Core.Tests", "tests\YASEM.Core.Tests\YASEM.Core.Tests.csproj", "{485BE914-7F8D-426B-9CB9-74E4DFF53FA9}"
EndProject
Global
	GlobalSection(SolutionConfigurationPlatforms) = preSolution
		Debug|Any CPU = Debug|Any CPU
		Release|Any CPU = Release|Any CPU
	EndGlobalSection
	GlobalSection(SolutionProperties) = preSolution
		HideSolutionNode = FALSE
	EndGlobalSection
	GlobalSection(ProjectConfigurationPlatforms) = postSolution
		{EBE4DD70-26F4-46F7-9D24-17E360652902}.Debug|Any CPU.ActiveCfg = Debug|Any CPU
		{EBE4DD70-26F4-46F7-9D24-17E360652902}.Debug|Any CPU.Build.0 = Debug|Any CPU
		{EBE4DD70-26F4-46F7-9D24-17E360652902}.Release|Any CPU.ActiveCfg = Release|Any CPU
		{EBE4DD70-26F4-46F7-9D24-17E360652902}.Release|Any CPU.Build.0 = Release|Any CPU
		{68F538C3-0F98-4F35-96EF-7F39CEEA46FC}.Debug|Any CPU.ActiveCfg = Debug|Any CPU
		{68F538C3-0F98-4F35-96EF-7F39CEEA46FC}.Debug|Any CPU.Build.0 = Debug|Any CPU
		{68F538C3-0F98-4F35-96EF-7F39CEEA46FC}.Release|Any CPU.ActiveCfg = Release|Any CPU
		{68F538C3-0F98-4F35-96EF-7F39CEEA46FC}.Release|Any CPU.Build.0 = Release|Any CPU
		{56D2564F-0C14-493C-8ED2-28F61C863465}.Debug|Any CPU.ActiveCfg = Debug|Any CPU
		{56D2564F-0C14-493C-8ED2-28F61C863465}.Debug|Any CPU.Build.0 = Debug|Any CPU
		{56D2564F-0C14-493C-8ED2-28F61C863465}.Release|Any CPU.ActiveCfg = Release|Any CPU
		{56D2564F-0C14-493C-8ED2-28F61C863465}.Release|Any CPU.Build.0 = Release|Any CPU
		{485BE914-7F8D-426B-9CB9-74E4DFF53FA9}.Debug|Any CPU.ActiveCfg = Debug|Any CPU
		{485BE914-7F8D-426B-9CB9-74E4DFF53FA9}.Debug|Any CPU.Build.0 = Debug|Any CPU
		{485BE914-7F8D-426B-9CB9-74E4DFF53FA9}.Release|Any CPU.ActiveCfg = Release|Any CPU
		{485BE914-7F8D-426B-9CB9-74E4DFF53FA9}.Release|Any CPU.Build.0 = Release|Any CPU
	EndGlobalSection
	GlobalSection(NestedProjects) = preSolution
		{EBE4DD70-26F4-46F7-9D24-17E360652902} = {2F4B3574-C4AF-4B04-ACCE-3FDFD8256C6D}
		{68F538C3-0F98-4F35-96EF-7F39CEEA46FC} = {2F4B3574-C4AF-4B04-ACCE-3FDFD8256C6D}
		{56D2564F-0C14-493C-8ED2-28F61C863465} = {E9A044EA-4A2E-492A-AF89-D50181148E2C}
		{485BE914-7F8D-426B-9CB9-74E4DFF53FA9} = {E9A044EA-4A2E-492A-AF89-D50181148E2C}
	EndGlobalSection
EndGlobal
